
Microsoft Visual Studio Solution File, Format Version 12.00
# Visual Studio 15
VisualStudioVersion = 15.0.26730.16
MinimumVisualStudioVersion = 10.0.40219.1
Project("{FAE04EC0-301F-11D3-BF4B-00C04F79EFBC}") = "ConsoleApp1", "ConsoleApp1\ConsoleApp1.csproj", "{BFD042C2-9703-4B97-AC1F-4851FF3E6047}"
EndProject
Project("{FAE04EC0-301F-11D3-BF4B-00C04F79EFBC}") = "WindowsFormsApp1", "WindowsFormsApp1\WindowsFormsApp1.csproj", "{060AD497-D19A-4EA1-A1FE-A940EEFCB5E7}"
EndProject
Project("{FAE04EC0-301F-11D3-BF4B-00C04F79EFBC}") = "MaxFlow", "FordFulkerson\MaxFlow.csproj", "{16473DCD-0A89-4E50-9DF2-A7A99C18E450}"
EndProject
Global
	GlobalSection(SolutionConfigurationPlatforms) = preSolution
		Debug|Any CPU = Debug|Any CPU
		Release|Any CPU = Release|Any CPU
	EndGlobalSection
	GlobalSection(ProjectConfigurationPlatforms) = postSolution
		{BFD042C2-9703-4B97-AC1F-4851FF3E6047}.Debug|Any CPU.ActiveCfg = Debug|Any CPU
		{BFD042C2-9703-4B97-AC1F-4851FF3E6047}.Debug|Any CPU.Build.0 = Debug|Any CPU
		{BFD042C2-9703-4B97-AC1F-4851FF3E6047}.Release|Any CPU.ActiveCfg = Release|Any CPU
		{BFD042C2-9703-4B97-AC1F-4851FF3E6047}.Release|Any CPU.Build.0 = Release|Any CPU
		{060AD497-D19A-4EA1-A1FE-A940EEFCB5E7}.Debug|Any CPU.ActiveCfg = Debug|Any CPU
		{060AD497-D19A-4EA1-A1FE-A940EEFCB5E7}.Debug|Any CPU.Build.0 = Debug|Any CPU
		{060AD497-D19A-4EA1-A1FE-A940EEFCB5E7}.Release|Any CPU.ActiveCfg = Release|Any CPU
		{060AD497-D19A-4EA1-A1FE-A940EEFCB5E7}.Release|Any CPU.Build.0 = Release|Any CPU
		{16473DCD-0A89-4E50-9DF2-A7A99C18E450}.Debug|Any CPU.ActiveCfg = Debug|Any CPU
		{16473DCD-0A89-4E50-9DF2-A7A99C18E450}.Debug|Any CPU.Build.0 = Debug|Any CPU
		{16473DCD-0A89-4E50-9DF2-A7A99C18E450}.Release|Any CPU.ActiveCfg = Release|Any CPU
		{16473DCD-0A89-4E50-9DF2-A7A99C18E450}.Release|Any CPU.Build.0 = Release|Any CPU
	EndGlobalSection
	GlobalSection(SolutionProperties) = preSolution
		HideSolutionNode = FALSE
	EndGlobalSection
	GlobalSection(ExtensibilityGlobals) = postSolution
		SolutionGuid = {DB08C9A0-95C2-4C2D-9DC5-036DD2597A82}
	EndGlobalSection
EndGlobal
